<Solution>
  <Folder Name="/src/">
    <Project Path="src/ATProtoNet.Aspire.Hosting/ATProtoNet.Aspire.Hosting.csproj" />
    <Project Path="src/ATProtoNet.Blazor/ATProtoNet.Blazor.csproj" />
    <Project Path="src/ATProtoNet.Server/ATProtoNet.Server.csproj" />
    <Project Path="src/ATProtoNet/ATProtoNet.csproj" />
  </Folder>
  <Folder Name="/tests/">
    <Project Path="tests/ATProtoNet.IntegrationTests/ATProtoNet.IntegrationTests.csproj" />
    <Project Path="tests/ATProtoNet.Tests/ATProtoNet.Tests.csproj" />
  </Folder>
  <Folder Name="/samples/">
    <Project Path="samples/BlazorOAuthSample/BlazorOAuthSample.csproj" />
    <Project Path="samples/FirehoseConsumerSample/FirehoseConsumerSample.csproj" />
    <Project Path="samples/JetstreamReplaySample/JetstreamReplaySample.csproj" />
    <Project Path="samples/ManagedPdsSample/ManagedPdsSample.csproj" />
    <Project Path="samples/ManagedPdsSample.AppHost/ManagedPdsSample.AppHost.csproj" />
    <Project Path="samples/ServerIntegrationSample/ServerIntegrationSample.csproj" />
    <Project Path="samples/SpacesSample/SpacesSample.csproj" />
  </Folder>
  <Folder Name="/tools/">
    <Project Path="tools/ATProtoNet.LexiconGenerator/ATProtoNet.LexiconGenerator.csproj" />
  </Folder>
</Solution>
